
Microsoft Visual Studio Solution File, Format Version 12.00
# Visual Studio Version 17
VisualStudioVersion = 17.7.34202.233
MinimumVisualStudioVersion = 10.0.40219.1
Project("{FAE04EC0-301F-11D3-BF4B-00C04F79EFBC}") = "Assignmnt1", "Assignmnt1\Assignmnt1.csproj", "{03C5BE2E-073F-40D5-BAAE-A7F8BB99C444}"
EndProject
Global
	GlobalSection(SolutionConfigurationPlatforms) = preSolution
		Debug|Any CPU = Debug|Any CPU
		Release|Any CPU = Release|Any CPU
	EndGlobalSection
	GlobalSection(ProjectConfigurationPlatforms) = postSolution
		{03C5BE2E-073F-40D5-BAAE-A7F8BB99C444}.Debug|Any CPU.ActiveCfg = Debug|Any CPU
		{03C5BE2E-073F-40D5-BAAE-A7F8BB99C444}.Debug|Any CPU.Build.0 = Debug|Any CPU
		{03C5BE2E-073F-40D5-BAAE-A7F8BB99C444}.Release|Any CPU.ActiveCfg = Release|Any CPU
		{03C5BE2E-073F-40D5-BAAE-A7F8BB99C444}.Release|Any CPU.Build.0 = Release|Any CPU
	EndGlobalSection
	GlobalSection(SolutionProperties) = preSolution
		HideSolutionNode = FALSE
	EndGlobalSection
	GlobalSection(ExtensibilityGlobals) = postSolution
		SolutionGuid = {FABF5132-190D-4AE2-98D2-E076C28462A3}
	EndGlobalSection
EndGlobal
